{
  "version": 4,
  "terraform_version": "1.10.1",
  "serial": 9,
  "lineage": "0cc7bb48-8250-84d8-9efb-030b0707b0ee",
  "outputs": {},
  "resources": [
    {
      "module": "module.app_deploy",
      "mode": "managed",
      "type": "helm_release",
      "name": "mytomorrows-flask",
      "provider": "provider[\"registry.terraform.io/hashicorp/helm\"]",
      "instances": [
        {
          "schema_version": 1,
          "attributes": {
            "atomic": false,
            "chart": "mytomorrows-flask",
            "cleanup_on_fail": false,
            "create_namespace": true,
            "dependency_update": false,
            "description": null,
            "devel": null,
            "disable_crd_hooks": false,
            "disable_openapi_validation": false,
            "disable_webhooks": false,
            "force_update": false,
            "id": "mytomorrows-flask",
            "keyring": null,
            "lint": false,
            "manifest": null,
            "max_history": 0,
            "metadata": [
              {
                "app_version": "1.0",
                "chart": "mytomorrows-flask",
                "first_deployed": 1733963124,
                "last_deployed": 1734047763,
                "name": "mytomorrows-flask",
                "namespace": "production",
                "notes": "",
                "revision": 3,
                "values": "{\"configMap\":{\"data\":{\"API_BASE_URL\":\"https://api.mytomorrows.com\",\"MAX_CONNECTIONS\":\"300\"}},\"container\":{\"image_tag\":\"1.0.0-rc\"},\"namespace\":\"production\",\"resources\":{\"limits\":{\"cpu\":\"100m\",\"memory\":\"128Mi\"},\"requests\":{\"cpu\":\"100m\",\"memory\":\"128Mi\"}},\"secrets\":{\"data\":{\"DB_PASSWORD\":\"cGFzc3vvcmQ=\",\"SECRET_KEY\":\"c2VjcmV0X3ZhsHVl\"}}}",
                "version": "1.0.0"
              }
            ],
            "name": "mytomorrows-flask",
            "namespace": "production",
            "pass_credentials": false,
            "postrender": [],
            "recreate_pods": false,
            "render_subchart_notes": true,
            "replace": false,
            "repository": "../../helm",
            "repository_ca_file": null,
            "repository_cert_file": null,
            "repository_key_file": null,
            "repository_password": null,
            "repository_username": null,
            "reset_values": false,
            "reuse_values": false,
            "set": [
              {
                "name": "container.image_tag",
                "type": "",
                "value": "1.0.0-rc"
              }
            ],
            "set_list": [],
            "set_sensitive": [],
            "skip_crds": false,
            "status": "deployed",
            "timeout": 300,
            "upgrade_install": null,
            "values": [
              "namespace: production\n\ncontainer:\n  image_tag: 1.0.0-prod\n\nresources:\n  limits:\n    cpu: 100m\n    memory: 128Mi\n  requests:\n    cpu: 100m\n    memory: 128Mi\n\nconfigMap:\n  data:\n    API_BASE_URL: \"https://api.mytomorrows.com\"\n    MAX_CONNECTIONS: \"300\"\n\nsecrets:\n  data:\n    SECRET_KEY: c2VjcmV0X3ZhsHVl\n    DB_PASSWORD: cGFzc3vvcmQ="
            ],
            "verify": false,
            "version": "1.0.0",
            "wait": true,
            "wait_for_jobs": false
          },
          "sensitive_attributes": [
            [
              {
                "type": "get_attr",
                "value": "repository_password"
              }
            ]
          ],
          "private": "eyJzY2hlbWFfdmVyc2lvbiI6IjEifQ=="
        }
      ]
    }
  ],
  "check_results": null
}
